
Microsoft Visual Studio Solution File, Format Version 12.00
# Visual Studio Version 17
VisualStudioVersion = 17.11.35222.181
MinimumVisualStudioVersion = 10.0.40219.1
Project("{8BC9CEB8-8B4A-11D0-8D11-00A0C91BC942}") = "Privacy_Guardian", "Privacy_Guardian\Privacy_Guardian.vcxproj", "{1BCAB18B-9BB9-432C-BF0B-58CDA3AC4F28}"
EndProject
Project("{FAE04EC0-301F-11D3-BF4B-00C04F79EFBC}") = "PrivacyGuardianApp", "PrivacyGuardianApp\PrivacyGuardianApp.csproj", "{9D64E2C2-8E4D-4D2A-9A88-29EAB082E672}"
EndProject
Global
	GlobalSection(SolutionConfigurationPlatforms) = preSolution
		Debug|x64 = Debug|x64
		Debug|x86 = Debug|x86
		Release|x64 = Release|x64
		Release|x86 = Release|x86
	EndGlobalSection
	GlobalSection(ProjectConfigurationPlatforms) = postSolution
		{1BCAB18B-9BB9-432C-BF0B-58CDA3AC4F28}.Debug|x64.ActiveCfg = Debug|x64
		{1BCAB18B-9BB9-432C-BF0B-58CDA3AC4F28}.Debug|x64.Build.0 = Debug|x64
		{1BCAB18B-9BB9-432C-BF0B-58CDA3AC4F28}.Debug|x86.ActiveCfg = Debug|Win32
		{1BCAB18B-9BB9-432C-BF0B-58CDA3AC4F28}.Debug|x86.Build.0 = Debug|Win32
		{1BCAB18B-9BB9-432C-BF0B-58CDA3AC4F28}.Release|x64.ActiveCfg = Release|x64
		{1BCAB18B-9BB9-432C-BF0B-58CDA3AC4F28}.Release|x64.Build.0 = Release|x64
		{1BCAB18B-9BB9-432C-BF0B-58CDA3AC4F28}.Release|x86.ActiveCfg = Release|Win32
		{1BCAB18B-9BB9-432C-BF0B-58CDA3AC4F28}.Release|x86.Build.0 = Release|Win32
		{9D64E2C2-8E4D-4D2A-9A88-29EAB082E672}.Debug|x64.ActiveCfg = Debug|Any CPU
		{9D64E2C2-8E4D-4D2A-9A88-29EAB082E672}.Debug|x64.Build.0 = Debug|Any CPU
		{9D64E2C2-8E4D-4D2A-9A88-29EAB082E672}.Debug|x86.ActiveCfg = Debug|Any CPU
		{9D64E2C2-8E4D-4D2A-9A88-29EAB082E672}.Debug|x86.Build.0 = Debug|Any CPU
		{9D64E2C2-8E4D-4D2A-9A88-29EAB082E672}.Release|x64.ActiveCfg = Release|Any CPU
		{9D64E2C2-8E4D-4D2A-9A88-29EAB082E672}.Release|x64.Build.0 = Release|Any CPU
		{9D64E2C2-8E4D-4D2A-9A88-29EAB082E672}.Release|x86.ActiveCfg = Release|Any CPU
		{9D64E2C2-8E4D-4D2A-9A88-29EAB082E672}.Release|x86.Build.0 = Release|Any CPU
	EndGlobalSection
	GlobalSection(SolutionProperties) = preSolution
		HideSolutionNode = FALSE
	EndGlobalSection
	GlobalSection(ExtensibilityGlobals) = postSolution
		SolutionGuid = {913F2BD9-380A-4B36-AD6C-F59F74566C92}
	EndGlobalSection
EndGlobal
